PODS:
  - Alamofire (5.4.1)
  - NVActivityIndicatorView (4.8.0):
    - NVActivityIndicatorView/Presenter (= 4.8.0)
  - NVActivityIndicatorView/Presenter (4.8.0)
  - SkyFloatingLabelTextField (3.8.0)
  - SwiftyJSON (4.3.0)

DEPENDENCIES:
  - Alamofire (~> 5.2)
  - NVActivityIndicatorView (~> 4.8)
  - SkyFloatingLabelTextField (~> 3.0)
  - SwiftyJSON (~> 4.0)

SPEC REPOS:
  trunk:
    - Alamofire
    - NVActivityIndicatorView
    - SkyFloatingLabelTextField
    - SwiftyJSON

SPEC CHECKSUMS:
  Alamofire: 2291f7d21ca607c491dd17642e5d40fdcda0e65c
  NVActivityIndicatorView: d24b7ebcf80af5dcd994adb650e2b6c93379270f
  SkyFloatingLabelTextField: 5a338412114808e961fe2d14ea2c5452c8b6e4aa
  SwiftyJSON: 6faa0040f8b59dead0ee07436cbf76b73c08fd08

PODFILE CHECKSUM: f28c6585a32de4d2076487d160cdc3f9907a93e4

COCOAPODS: 1.9.1
