PODS:
  - Alamofire (5.4.1)
  - NVActivityIndicatorView (4.8.0):
    - NVActivityIndicatorView/Presenter (= 4.8.0)
  - NVActivityIndicatorView/Presenter (4.8.0)
  - SkyFloatingLabelTextField (3.8.0)

DEPENDENCIES:
  - Alamofire (~> 5.2)
  - NVActivityIndicatorView (~> 4.8)
  - SkyFloatingLabelTextField (~> 3.0)

SPEC REPOS:
  trunk:
    - Alamofire
    - NVActivityIndicatorView
    - SkyFloatingLabelTextField

SPEC CHECKSUMS:
  Alamofire: 2291f7d21ca607c491dd17642e5d40fdcda0e65c
  NVActivityIndicatorView: d24b7ebcf80af5dcd994adb650e2b6c93379270f
  SkyFloatingLabelTextField: 5a338412114808e961fe2d14ea2c5452c8b6e4aa

PODFILE CHECKSUM: 0d26a2fa8788daf7138467b61170c2bed9d24380

COCOAPODS: 1.9.1
